
Microsoft Visual Studio Solution File, Format Version 12.00
# Visual Studio 15
VisualStudioVersion = 15.0.25914.0
MinimumVisualStudioVersion = 10.0.40219.1
Project("{FAE04EC0-301F-11D3-BF4B-00C04F79EFBC}") = "ssmh", "ssmh\ssmh.csproj", "{2F25280A-2F0E-4562-9EC2-50C43D0B1776}"
EndProject
Global
	GlobalSection(SolutionConfigurationPlatforms) = preSolution
		Debug|Any CPU = Debug|Any CPU
		Release|Any CPU = Release|Any CPU
	EndGlobalSection
	GlobalSection(ProjectConfigurationPlatforms) = postSolution
		{2F25280A-2F0E-4562-9EC2-50C43D0B1776}.Debug|Any CPU.ActiveCfg = Debug|Any CPU
		{2F25280A-2F0E-4562-9EC2-50C43D0B1776}.Debug|Any CPU.Build.0 = Debug|Any CPU
		{2F25280A-2F0E-4562-9EC2-50C43D0B1776}.Release|Any CPU.ActiveCfg = Release|Any CPU
		{2F25280A-2F0E-4562-9EC2-50C43D0B1776}.Release|Any CPU.Build.0 = Release|Any CPU
	EndGlobalSection
	GlobalSection(SolutionProperties) = preSolution
		HideSolutionNode = FALSE
	EndGlobalSection
EndGlobal
